{
  "lockfileVersion": 1,
  "configVersion": 1,
  "workspaces": {
    "": {
      "name": "exchange",
      "dependencies": {
        "lokijs": "^1.5.12",
      },
      "devDependencies": {
        "@types/lokijs": "^1.5.14",
      },
    },
  },
  "packages": {
    "@types/lokijs": ["@types/lokijs@1.5.14", "", {}, "sha512-4Fic47BX3Qxr8pd12KT6/T1XWU8dOlJBIp1jGoMbaDbiEvdv50rAii+B3z1b/J2pvMywcVP+DBPGP5/lgLOKGA=="],

    "lokijs": ["lokijs@1.5.12", "", {}, "sha512-Q5ALD6JiS6xAUWCwX3taQmgwxyveCtIIuL08+ml0nHwT3k0S/GIFJN+Hd38b1qYIMaE5X++iqsqWVksz7SYW+Q=="],
  }
}
